
Microsoft Visual Studio Solution File, Format Version 12.00
# Visual Studio 15
VisualStudioVersion = 15.0.27004.2005
MinimumVisualStudioVersion = 10.0.40219.1
Project("{FAE04EC0-301F-11D3-BF4B-00C04F79EFBC}") = "Graylog", "Graylog\Graylog.csproj", "{20B7FC1B-0A49-497A-9102-06F297F09082}"
EndProject
Global
	GlobalSection(SolutionConfigurationPlatforms) = preSolution
		Debug|Any CPU = Debug|Any CPU
		Release|Any CPU = Release|Any CPU
	EndGlobalSection
	GlobalSection(ProjectConfigurationPlatforms) = postSolution
		{20B7FC1B-0A49-497A-9102-06F297F09082}.Debug|Any CPU.ActiveCfg = Debug|Any CPU
		{20B7FC1B-0A49-497A-9102-06F297F09082}.Debug|Any CPU.Build.0 = Debug|Any CPU
		{20B7FC1B-0A49-497A-9102-06F297F09082}.Release|Any CPU.ActiveCfg = Release|Any CPU
		{20B7FC1B-0A49-497A-9102-06F297F09082}.Release|Any CPU.Build.0 = Release|Any CPU
	EndGlobalSection
	GlobalSection(SolutionProperties) = preSolution
		HideSolutionNode = FALSE
	EndGlobalSection
	GlobalSection(ExtensibilityGlobals) = postSolution
		SolutionGuid = {15BB178C-DFDF-4FFC-925A-55EC4D4C0E2F}
	EndGlobalSection
EndGlobal
